
Microsoft Visual Studio Solution File, Format Version 12.00
# Visual Studio 15
VisualStudioVersion = 15.0.28010.2036
MinimumVisualStudioVersion = 10.0.40219.1
Project("{FAE04EC0-301F-11D3-BF4B-00C04F79EFBC}") = "AthenaSearch", "AthenaSearch\AthenaSearch.csproj", "{D22CB234-2539-417F-A666-AEB780910EA4}"
EndProject
Global
	GlobalSection(SolutionConfigurationPlatforms) = preSolution
		Debug|Any CPU = Debug|Any CPU
		Release|Any CPU = Release|Any CPU
	EndGlobalSection
	GlobalSection(ProjectConfigurationPlatforms) = postSolution
		{D22CB234-2539-417F-A666-AEB780910EA4}.Debug|Any CPU.ActiveCfg = Debug|Any CPU
		{D22CB234-2539-417F-A666-AEB780910EA4}.Debug|Any CPU.Build.0 = Debug|Any CPU
		{D22CB234-2539-417F-A666-AEB780910EA4}.Release|Any CPU.ActiveCfg = Release|Any CPU
		{D22CB234-2539-417F-A666-AEB780910EA4}.Release|Any CPU.Build.0 = Release|Any CPU
	EndGlobalSection
	GlobalSection(SolutionProperties) = preSolution
		HideSolutionNode = FALSE
	EndGlobalSection
	GlobalSection(ExtensibilityGlobals) = postSolution
		SolutionGuid = {18E21826-722C-49E4-A868-D44B11D60535}
	EndGlobalSection
EndGlobal
